
Microsoft Visual Studio Solution File, Format Version 12.00
# Visual Studio 15
VisualStudioVersion = 15.0.27428.2043
MinimumVisualStudioVersion = 10.0.40219.1
Project("{FAE04EC0-301F-11D3-BF4B-00C04F79EFBC}") = "GetWorkItemByLabel", "GetWorkItemByLabel\GetWorkItemByLabel.csproj", "{2B706C45-844C-470C-86B8-78D8FB8E8B09}"
EndProject
Global
	GlobalSection(SolutionConfigurationPlatforms) = preSolution
		Debug|Any CPU = Debug|Any CPU
		Release|Any CPU = Release|Any CPU
	EndGlobalSection
	GlobalSection(ProjectConfigurationPlatforms) = postSolution
		{2B706C45-844C-470C-86B8-78D8FB8E8B09}.Debug|Any CPU.ActiveCfg = Debug|Any CPU
		{2B706C45-844C-470C-86B8-78D8FB8E8B09}.Debug|Any CPU.Build.0 = Debug|Any CPU
		{2B706C45-844C-470C-86B8-78D8FB8E8B09}.Release|Any CPU.ActiveCfg = Release|Any CPU
		{2B706C45-844C-470C-86B8-78D8FB8E8B09}.Release|Any CPU.Build.0 = Release|Any CPU
	EndGlobalSection
	GlobalSection(SolutionProperties) = preSolution
		HideSolutionNode = FALSE
	EndGlobalSection
	GlobalSection(ExtensibilityGlobals) = postSolution
		SolutionGuid = {BA11E79B-113E-49F1-AD2D-F721F1BC40F1}
	EndGlobalSection
EndGlobal
